
Microsoft Visual Studio Solution File, Format Version 12.00
# Visual Studio Version 16
VisualStudioVersion = 16.0.31702.278
MinimumVisualStudioVersion = 10.0.40219.1
Project("{FAE04EC0-301F-11D3-BF4B-00C04F79EFBC}") = "Administracion", "Administracion\Administracion.csproj", "{311D56EF-A56B-4D17-8AAA-BA7AD4520A7A}"
EndProject
Global
	GlobalSection(SolutionConfigurationPlatforms) = preSolution
		Debug|Any CPU = Debug|Any CPU
		Release|Any CPU = Release|Any CPU
	EndGlobalSection
	GlobalSection(ProjectConfigurationPlatforms) = postSolution
		{311D56EF-A56B-4D17-8AAA-BA7AD4520A7A}.Debug|Any CPU.ActiveCfg = Debug|Any CPU
		{311D56EF-A56B-4D17-8AAA-BA7AD4520A7A}.Debug|Any CPU.Build.0 = Debug|Any CPU
		{311D56EF-A56B-4D17-8AAA-BA7AD4520A7A}.Release|Any CPU.ActiveCfg = Release|Any CPU
		{311D56EF-A56B-4D17-8AAA-BA7AD4520A7A}.Release|Any CPU.Build.0 = Release|Any CPU
	EndGlobalSection
	GlobalSection(SolutionProperties) = preSolution
		HideSolutionNode = FALSE
	EndGlobalSection
	GlobalSection(ExtensibilityGlobals) = postSolution
		SolutionGuid = {4FF24F22-5CDA-4442-9C95-C9FDA3416DF6}
	EndGlobalSection
EndGlobal
